
Microsoft Visual Studio Solution File, Format Version 12.00
# Visual Studio Version 16
VisualStudioVersion = 16.0.29102.190
MinimumVisualStudioVersion = 10.0.40219.1
Project("{9A19103F-16F7-4668-BE54-9A1E7A4F7556}") = "ProjectsManagement.API", "ProjectsManagement.API\ProjectsManagement.API.csproj", "{E00843D1-BCB5-4D04-9004-AA234C0E97EB}"
EndProject
Global
	GlobalSection(SolutionConfigurationPlatforms) = preSolution
		Debug|Any CPU = Debug|Any CPU
		Release|Any CPU = Release|Any CPU
	EndGlobalSection
	GlobalSection(ProjectConfigurationPlatforms) = postSolution
		{E00843D1-BCB5-4D04-9004-AA234C0E97EB}.Debug|Any CPU.ActiveCfg = Debug|Any CPU
		{E00843D1-BCB5-4D04-9004-AA234C0E97EB}.Debug|Any CPU.Build.0 = Debug|Any CPU
		{E00843D1-BCB5-4D04-9004-AA234C0E97EB}.Release|Any CPU.ActiveCfg = Release|Any CPU
		{E00843D1-BCB5-4D04-9004-AA234C0E97EB}.Release|Any CPU.Build.0 = Release|Any CPU
	EndGlobalSection
	GlobalSection(SolutionProperties) = preSolution
		HideSolutionNode = FALSE
	EndGlobalSection
	GlobalSection(ExtensibilityGlobals) = postSolution
		SolutionGuid = {AAE4F3F1-FBF2-40EE-81F9-FAF54D2ED1C9}
	EndGlobalSection
EndGlobal
